
Microsoft Visual Studio Solution File, Format Version 12.00
# Visual Studio Version 17
VisualStudioVersion = 17.2.32526.322
MinimumVisualStudioVersion = 10.0.40219.1
Project("{9A19103F-16F7-4668-BE54-9A1E7A4F7556}") = "MaximalSumOfElements", "MaximalSumOfElements\MaximalSumOfElements.csproj", "{D57F62F5-BC1C-4D9F-9D15-AECF29B55980}"
EndProject
Project("{9A19103F-16F7-4668-BE54-9A1E7A4F7556}") = "MaximalSumOfElementsLibrary", "MaximalSumOfElementsLibrary\MaximalSumOfElementsLibrary.csproj", "{48A97BB3-3B3F-414B-B6E2-25DA859D5CD6}"
EndProject
Project("{FAE04EC0-301F-11D3-BF4B-00C04F79EFBC}") = "MaximalSumOfElementsLibraryTest", "MaximalSumOfElementsLibraryTest\MaximalSumOfElementsLibraryTest.csproj", "{F477FFC1-7755-4048-9EFB-F47277416D62}"
EndProject
Global
	GlobalSection(SolutionConfigurationPlatforms) = preSolution
		Debug|Any CPU = Debug|Any CPU
		Release|Any CPU = Release|Any CPU
	EndGlobalSection
	GlobalSection(ProjectConfigurationPlatforms) = postSolution
		{D57F62F5-BC1C-4D9F-9D15-AECF29B55980}.Debug|Any CPU.ActiveCfg = Debug|Any CPU
		{D57F62F5-BC1C-4D9F-9D15-AECF29B55980}.Debug|Any CPU.Build.0 = Debug|Any CPU
		{D57F62F5-BC1C-4D9F-9D15-AECF29B55980}.Release|Any CPU.ActiveCfg = Release|Any CPU
		{D57F62F5-BC1C-4D9F-9D15-AECF29B55980}.Release|Any CPU.Build.0 = Release|Any CPU
		{48A97BB3-3B3F-414B-B6E2-25DA859D5CD6}.Debug|Any CPU.ActiveCfg = Debug|Any CPU
		{48A97BB3-3B3F-414B-B6E2-25DA859D5CD6}.Debug|Any CPU.Build.0 = Debug|Any CPU
		{48A97BB3-3B3F-414B-B6E2-25DA859D5CD6}.Release|Any CPU.ActiveCfg = Release|Any CPU
		{48A97BB3-3B3F-414B-B6E2-25DA859D5CD6}.Release|Any CPU.Build.0 = Release|Any CPU
		{F477FFC1-7755-4048-9EFB-F47277416D62}.Debug|Any CPU.ActiveCfg = Debug|Any CPU
		{F477FFC1-7755-4048-9EFB-F47277416D62}.Debug|Any CPU.Build.0 = Debug|Any CPU
		{F477FFC1-7755-4048-9EFB-F47277416D62}.Release|Any CPU.ActiveCfg = Release|Any CPU
		{F477FFC1-7755-4048-9EFB-F47277416D62}.Release|Any CPU.Build.0 = Release|Any CPU
	EndGlobalSection
	GlobalSection(SolutionProperties) = preSolution
		HideSolutionNode = FALSE
	EndGlobalSection
	GlobalSection(ExtensibilityGlobals) = postSolution
		SolutionGuid = {0C58CEB1-A522-4E89-B425-83FC76AEDF8A}
	EndGlobalSection
EndGlobal
